// !$*UTF8*$!
{
	archiveVersion = 1;
	classes = {
	};
	objectVersion = 46;
	objects = {

/* Begin PBXBuildFile section */
		6B8248BB1CF6916B00F134F6 /* main.m in Sources */ = {isa = PBXBuildFile; fileRef = 6B8248BA1CF6916B00F134F6 /* main.m */; };
		6B8248C41CF6916B00F134F6 /* Main.storyboard in Resources */ = {isa = PBXBuildFile; fileRef = 6B8248C21CF6916B00F134F6 /* Main.storyboard */; };
		6B8248C61CF6916B00F134F6 /* Assets.xcassets in Resources */ = {isa = PBXBuildFile; fileRef = 6B8248C51CF6916B00F134F6 /* Assets.xcassets */; };
		6B8248C91CF6916B00F134F6 /* LaunchScreen.storyboard in Resources */ = {isa = PBXBuildFile; fileRef = 6B8248C71CF6916B00F134F6 /* LaunchScreen.storyboard */; };
		6B8248D41CF6916B00F134F6 /* PYTableViewControllerExampleTests.m in Sources */ = {isa = PBXBuildFile; fileRef = 6B8248D31CF6916B00F134F6 /* PYTableViewControllerExampleTests.m */; };
		6B8248DF1CF6916B00F134F6 /* PYTableViewControllerExampleUITests.m in Sources */ = {isa = PBXBuildFile; fileRef = 6B8248DE1CF6916B00F134F6 /* PYTableViewControllerExampleUITests.m */; };
		6B8248F11CF691F300F134F6 /* AppDelegate.m in Sources */ = {isa = PBXBuildFile; fileRef = 6B8248F01CF691F300F134F6 /* AppDelegate.m */; };
		6B8248F41CF692A600F134F6 /* PYExampleTableViewController.m in Sources */ = {isa = PBXBuildFile; fileRef = 6B8248F31CF692A600F134F6 /* PYExampleTableViewController.m */; };
		6B82493E1CF6CC3600F134F6 /* PYTempViewController.m in Sources */ = {isa = PBXBuildFile; fileRef = 6B82493C1CF6CC3600F134F6 /* PYTempViewController.m */; };
		6BA280171CFC127A007FE7E8 /* UITableViewCell+Extension.m in Sources */ = {isa = PBXBuildFile; fileRef = 6BA27FF91CFC127A007FE7E8 /* UITableViewCell+Extension.m */; };
		6BA280181CFC127A007FE7E8 /* UITableViewController+Extension.m in Sources */ = {isa = PBXBuildFile; fileRef = 6BA27FFB1CFC127A007FE7E8 /* UITableViewController+Extension.m */; };
		6BA280191CFC127A007FE7E8 /* UIView+extension.m in Sources */ = {isa = PBXBuildFile; fileRef = 6BA27FFD1CFC127A007FE7E8 /* UIView+extension.m */; };
		6BA2801A1CFC127A007FE7E8 /* PYTableViewController.m in Sources */ = {isa = PBXBuildFile; fileRef = 6BA280001CFC127A007FE7E8 /* PYTableViewController.m */; };
		6BA2801B1CFC127A007FE7E8 /* PYArrowCell.m in Sources */ = {isa = PBXBuildFile; fileRef = 6BA280031CFC127A007FE7E8 /* PYArrowCell.m */; };
		6BA2801C1CFC127A007FE7E8 /* PYCell.m in Sources */ = {isa = PBXBuildFile; fileRef = 6BA280051CFC127A007FE7E8 /* PYCell.m */; };
		6BA2801D1CFC127A007FE7E8 /* PYCheckCell.m in Sources */ = {isa = PBXBuildFile; fileRef = 6BA280071CFC127A007FE7E8 /* PYCheckCell.m */; };
		6BA2801E1CFC127A007FE7E8 /* PYDetailCell.m in Sources */ = {isa = PBXBuildFile; fileRef = 6BA280091CFC127A007FE7E8 /* PYDetailCell.m */; };
		6BA2801F1CFC127A007FE7E8 /* PYGroup.m in Sources */ = {isa = PBXBuildFile; fileRef = 6BA2800B1CFC127A007FE7E8 /* PYGroup.m */; };
		6BA280201CFC127A007FE7E8 /* PYLabelCell.m in Sources */ = {isa = PBXBuildFile; fileRef = 6BA2800D1CFC127A007FE7E8 /* PYLabelCell.m */; };
		6BA280211CFC127A007FE7E8 /* PYSwitchCell.m in Sources */ = {isa = PBXBuildFile; fileRef = 6BA2800F1CFC127A007FE7E8 /* PYSwitchCell.m */; };
		6BA280221CFC127A007FE7E8 /* PYConst.m in Sources */ = {isa = PBXBuildFile; fileRef = 6BA280121CFC127A007FE7E8 /* PYConst.m */; };
		6BA280231CFC127A007FE7E8 /* PYTableViewCell.m in Sources */ = {isa = PBXBuildFile; fileRef = 6BA280151CFC127A007FE7E8 /* PYTableViewCell.m */; };
/* End PBXBuildFile section */

/* Begin PBXContainerItemProxy section */
		6B8248D01CF6916B00F134F6 /* PBXContainerItemProxy */ = {
			isa = PBXContainerItemProxy;
			containerPortal = 6B8248AE1CF6916B00F134F6 /* Project object */;
			proxyType = 1;
			remoteGlobalIDString = 6B8248B51CF6916B00F134F6;
			remoteInfo = PYTableViewControllerExample;
		};
		6B8248DB1CF6916B00F134F6 /* PBXContainerItemProxy */ = {
			isa = PBXContainerItemProxy;
			containerPortal = 6B8248AE1CF6916B00F134F6 /* Project object */;
			proxyType = 1;
			remoteGlobalIDString = 6B8248B51CF6916B00F134F6;
			remoteInfo = PYTableViewControllerExample;
		};
/* End PBXContainerItemProxy section */

/* Begin PBXFileReference section */
		6B8248B61CF6916B00F134F6 /* PYTableViewControllerExample.app */ = {isa = PBXFileReference; explicitFileType = wrapper.application; includeInIndex = 0; path = PYTableViewControllerExample.app; sourceTree = BUILT_PRODUCTS_DIR; };
		6B8248BA1CF6916B00F134F6 /* main.m */ = {isa = PBXFileReference; lastKnownFileType = sourcecode.c.objc; path = main.m; sourceTree = "<group>"; };
		6B8248C31CF6916B00F134F6 /* Base */ = {isa = PBXFileReference; lastKnownFileType = file.storyboard; name = Base; path = Base.lproj/Main.storyboard; sourceTree = "<group>"; };
		6B8248C51CF6916B00F134F6 /* Assets.xcassets */ = {isa = PBXFileReference; lastKnownFileType = folder.assetcatalog; path = Assets.xcassets; sourceTree = "<group>"; };
		6B8248C81CF6916B00F134F6 /* Base */ = {isa = PBXFileReference; lastKnownFileType = file.storyboard; name = Base; path = Base.lproj/LaunchScreen.storyboard; sourceTree = "<group>"; };
		6B8248CA1CF6916B00F134F6 /* Info.plist */ = {isa = PBXFileReference; lastKnownFileType = text.plist.xml; path = Info.plist; sourceTree = "<group>"; };
		6B8248CF1CF6916B00F134F6 /* PYTableViewControllerExampleTests.xctest */ = {isa = PBXFileReference; explicitFileType = wrapper.cfbundle; includeInIndex = 0; path = PYTableViewControllerExampleTests.xctest; sourceTree = BUILT_PRODUCTS_DIR; };
		6B8248D31CF6916B00F134F6 /* PYTableViewControllerExampleTests.m */ = {isa = PBXFileReference; lastKnownFileType = sourcecode.c.objc; path = PYTableViewControllerExampleTests.m; sourceTree = "<group>"; };
		6B8248D51CF6916B00F134F6 /* Info.plist */ = {isa = PBXFileReference; lastKnownFileType = text.plist.xml; path = Info.plist; sourceTree = "<group>"; };
		6B8248DA1CF6916B00F134F6 /* PYTableViewControllerExampleUITests.xctest */ = {isa = PBXFileReference; explicitFileType = wrapper.cfbundle; includeInIndex = 0; path = PYTableViewControllerExampleUITests.xctest; sourceTree = BUILT_PRODUCTS_DIR; };
		6B8248DE1CF6916B00F134F6 /* PYTableViewControllerExampleUITests.m */ = {isa = PBXFileReference; lastKnownFileType = sourcecode.c.objc; path = PYTableViewControllerExampleUITests.m; sourceTree = "<group>"; };
		6B8248E01CF6916B00F134F6 /* Info.plist */ = {isa = PBXFileReference; lastKnownFileType = text.plist.xml; path = Info.plist; sourceTree = "<group>"; };
		6B8248EF1CF691F300F134F6 /* AppDelegate.h */ = {isa = PBXFileReference; fileEncoding = 4; lastKnownFileType = sourcecode.c.h; path = AppDelegate.h; sourceTree = "<group>"; };
		6B8248F01CF691F300F134F6 /* AppDelegate.m */ = {isa = PBXFileReference; fileEncoding = 4; lastKnownFileType = sourcecode.c.objc; path = AppDelegate.m; sourceTree = "<group>"; };
		6B8248F21CF692A600F134F6 /* PYExampleTableViewController.h */ = {isa = PBXFileReference; fileEncoding = 4; lastKnownFileType = sourcecode.c.h; path = PYExampleTableViewController.h; sourceTree = "<group>"; };
		6B8248F31CF692A600F134F6 /* PYExampleTableViewController.m */ = {isa = PBXFileReference; fileEncoding = 4; lastKnownFileType = sourcecode.c.objc; path = PYExampleTableViewController.m; sourceTree = "<group>"; };
		6B82493B1CF6CC3600F134F6 /* PYTempViewController.h */ = {isa = PBXFileReference; fileEncoding = 4; lastKnownFileType = sourcecode.c.h; path = PYTempViewController.h; sourceTree = "<group>"; };
		6B82493C1CF6CC3600F134F6 /* PYTempViewController.m */ = {isa = PBXFileReference; fileEncoding = 4; lastKnownFileType = sourcecode.c.objc; path = PYTempViewController.m; sourceTree = "<group>"; };
		6BA27FF81CFC127A007FE7E8 /* UITableViewCell+Extension.h */ = {isa = PBXFileReference; fileEncoding = 4; lastKnownFileType = sourcecode.c.h; path = "UITableViewCell+Extension.h"; sourceTree = "<group>"; };
		6BA27FF91CFC127A007FE7E8 /* UITableViewCell+Extension.m */ = {isa = PBXFileReference; fileEncoding = 4; lastKnownFileType = sourcecode.c.objc; path = "UITableViewCell+Extension.m"; sourceTree = "<group>"; };
		6BA27FFA1CFC127A007FE7E8 /* UITableViewController+Extension.h */ = {isa = PBXFileReference; fileEncoding = 4; lastKnownFileType = sourcecode.c.h; path = "UITableViewController+Extension.h"; sourceTree = "<group>"; };
		6BA27FFB1CFC127A007FE7E8 /* UITableViewController+Extension.m */ = {isa = PBXFileReference; fileEncoding = 4; lastKnownFileType = sourcecode.c.objc; path = "UITableViewController+Extension.m"; sourceTree = "<group>"; };
		6BA27FFC1CFC127A007FE7E8 /* UIView+extension.h */ = {isa = PBXFileReference; fileEncoding = 4; lastKnownFileType = sourcecode.c.h; path = "UIView+extension.h"; sourceTree = "<group>"; };
		6BA27FFD1CFC127A007FE7E8 /* UIView+extension.m */ = {isa = PBXFileReference; fileEncoding = 4; lastKnownFileType = sourcecode.c.objc; path = "UIView+extension.m"; sourceTree = "<group>"; };
		6BA27FFF1CFC127A007FE7E8 /* PYTableViewController.h */ = {isa = PBXFileReference; fileEncoding = 4; lastKnownFileType = sourcecode.c.h; path = PYTableViewController.h; sourceTree = "<group>"; };
		6BA280001CFC127A007FE7E8 /* PYTableViewController.m */ = {isa = PBXFileReference; fileEncoding = 4; lastKnownFileType = sourcecode.c.objc; path = PYTableViewController.m; sourceTree = "<group>"; };
		6BA280021CFC127A007FE7E8 /* PYArrowCell.h */ = {isa = PBXFileReference; fileEncoding = 4; lastKnownFileType = sourcecode.c.h; path = PYArrowCell.h; sourceTree = "<group>"; };
		6BA280031CFC127A007FE7E8 /* PYArrowCell.m */ = {isa = PBXFileReference; fileEncoding = 4; lastKnownFileType = sourcecode.c.objc; path = PYArrowCell.m; sourceTree = "<group>"; };
		6BA280041CFC127A007FE7E8 /* PYCell.h */ = {isa = PBXFileReference; fileEncoding = 4; lastKnownFileType = sourcecode.c.h; path = PYCell.h; sourceTree = "<group>"; };
		6BA280051CFC127A007FE7E8 /* PYCell.m */ = {isa = PBXFileReference; fileEncoding = 4; lastKnownFileType = sourcecode.c.objc; path = PYCell.m; sourceTree = "<group>"; };
		6BA280061CFC127A007FE7E8 /* PYCheckCell.h */ = {isa = PBXFileReference; fileEncoding = 4; lastKnownFileType = sourcecode.c.h; path = PYCheckCell.h; sourceTree = "<group>"; };
		6BA280071CFC127A007FE7E8 /* PYCheckCell.m */ = {isa = PBXFileReference; fileEncoding = 4; lastKnownFileType = sourcecode.c.objc; path = PYCheckCell.m; sourceTree = "<group>"; };
		6BA280081CFC127A007FE7E8 /* PYDetailCell.h */ = {isa = PBXFileReference; fileEncoding = 4; lastKnownFileType = sourcecode.c.h; path = PYDetailCell.h; sourceTree = "<group>"; };
		6BA280091CFC127A007FE7E8 /* PYDetailCell.m */ = {isa = PBXFileReference; fileEncoding = 4; lastKnownFileType = sourcecode.c.objc; path = PYDetailCell.m; sourceTree = "<group>"; };
		6BA2800A1CFC127A007FE7E8 /* PYGroup.h */ = {isa = PBXFileReference; fileEncoding = 4; lastKnownFileType = sourcecode.c.h; path = PYGroup.h; sourceTree = "<group>"; };
		6BA2800B1CFC127A007FE7E8 /* PYGroup.m */ = {isa = PBXFileReference; fileEncoding = 4; lastKnownFileType = sourcecode.c.objc; path = PYGroup.m; sourceTree = "<group>"; };
		6BA2800C1CFC127A007FE7E8 /* PYLabelCell.h */ = {isa = PBXFileReference; fileEncoding = 4; lastKnownFileType = sourcecode.c.h; path = PYLabelCell.h; sourceTree = "<group>"; };
		6BA2800D1CFC127A007FE7E8 /* PYLabelCell.m */ = {isa = PBXFileReference; fileEncoding = 4; lastKnownFileType = sourcecode.c.objc; path = PYLabelCell.m; sourceTree = "<group>"; };
		6BA2800E1CFC127A007FE7E8 /* PYSwitchCell.h */ = {isa = PBXFileReference; fileEncoding = 4; lastKnownFileType = sourcecode.c.h; path = PYSwitchCell.h; sourceTree = "<group>"; };
		6BA2800F1CFC127A007FE7E8 /* PYSwitchCell.m */ = {isa = PBXFileReference; fileEncoding = 4; lastKnownFileType = sourcecode.c.objc; path = PYSwitchCell.m; sourceTree = "<group>"; };
		6BA280111CFC127A007FE7E8 /* PYConst.h */ = {isa = PBXFileReference; fileEncoding = 4; lastKnownFileType = sourcecode.c.h; path = PYConst.h; sourceTree = "<group>"; };
		6BA280121CFC127A007FE7E8 /* PYConst.m */ = {isa = PBXFileReference; fileEncoding = 4; lastKnownFileType = sourcecode.c.objc; path = PYConst.m; sourceTree = "<group>"; };
		6BA280141CFC127A007FE7E8 /* PYTableViewCell.h */ = {isa = PBXFileReference; fileEncoding = 4; lastKnownFileType = sourcecode.c.h; path = PYTableViewCell.h; sourceTree = "<group>"; };
		6BA280151CFC127A007FE7E8 /* PYTableViewCell.m */ = {isa = PBXFileReference; fileEncoding = 4; lastKnownFileType = sourcecode.c.objc; path = PYTableViewCell.m; sourceTree = "<group>"; };
/* End PBXFileReference section */

/* Begin PBXFrameworksBuildPhase section */
		6B8248B31CF6916B00F134F6 /* Frameworks */ = {
			isa = PBXFrameworksBuildPhase;
			buildActionMask = 2147483647;
			files = (
			);
			runOnlyForDeploymentPostprocessing = 0;
		};
		6B8248CC1CF6916B00F134F6 /* Frameworks */ = {
			isa = PBXFrameworksBuildPhase;
			buildActionMask = 2147483647;
			files = (
			);
			runOnlyForDeploymentPostprocessing = 0;
		};
		6B8248D71CF6916B00F134F6 /* Frameworks */ = {
			isa = PBXFrameworksBuildPhase;
			buildActionMask = 2147483647;
			files = (
			);
			runOnlyForDeploymentPostprocessing = 0;
		};
/* End PBXFrameworksBuildPhase section */

/* Begin PBXGroup section */
		6B8248AD1CF6916B00F134F6 = {
			isa = PBXGroup;
			children = (
				6B8248B81CF6916B00F134F6 /* PYTableViewControllerExample */,
				6B8248D21CF6916B00F134F6 /* PYTableViewControllerExampleTests */,
				6B8248DD1CF6916B00F134F6 /* PYTableViewControllerExampleUITests */,
				6B8248B71CF6916B00F134F6 /* Products */,
			);
			sourceTree = "<group>";
		};
		6B8248B71CF6916B00F134F6 /* Products */ = {
			isa = PBXGroup;
			children = (
				6B8248B61CF6916B00F134F6 /* PYTableViewControllerExample.app */,
				6B8248CF1CF6916B00F134F6 /* PYTableViewControllerExampleTests.xctest */,
				6B8248DA1CF6916B00F134F6 /* PYTableViewControllerExampleUITests.xctest */,
			);
			name = Products;
			sourceTree = "<group>";
		};
		6B8248B81CF6916B00F134F6 /* PYTableViewControllerExample */ = {
			isa = PBXGroup;
			children = (
				6B8248EC1CF691F300F134F6 /* Classes */,
				6B8248B91CF6916B00F134F6 /* Supporting Files */,
			);
			path = PYTableViewControllerExample;
			sourceTree = "<group>";
		};
		6B8248B91CF6916B00F134F6 /* Supporting Files */ = {
			isa = PBXGroup;
			children = (
				6B8248C21CF6916B00F134F6 /* Main.storyboard */,
				6B8248C51CF6916B00F134F6 /* Assets.xcassets */,
				6B8248C71CF6916B00F134F6 /* LaunchScreen.storyboard */,
				6B8248CA1CF6916B00F134F6 /* Info.plist */,
				6B8248BA1CF6916B00F134F6 /* main.m */,
			);
			name = "Supporting Files";
			sourceTree = "<group>";
		};
		6B8248D21CF6916B00F134F6 /* PYTableViewControllerExampleTests */ = {
			isa = PBXGroup;
			children = (
				6B8248D31CF6916B00F134F6 /* PYTableViewControllerExampleTests.m */,
				6B8248D51CF6916B00F134F6 /* Info.plist */,
			);
			path = PYTableViewControllerExampleTests;
			sourceTree = "<group>";
		};
		6B8248DD1CF6916B00F134F6 /* PYTableViewControllerExampleUITests */ = {
			isa = PBXGroup;
			children = (
				6B8248DE1CF6916B00F134F6 /* PYTableViewControllerExampleUITests.m */,
				6B8248E01CF6916B00F134F6 /* Info.plist */,
			);
			path = PYTableViewControllerExampleUITests;
			sourceTree = "<group>";
		};
		6B8248EC1CF691F300F134F6 /* Classes */ = {
			isa = PBXGroup;
			children = (
				6BA27FF31CFC127A007FE7E8 /* PYTableViewController */,
				6B8248ED1CF691F300F134F6 /* PYExampleController */,
				6B8248EE1CF691F300F134F6 /* Others */,
			);
			path = Classes;
			sourceTree = "<group>";
		};
		6B8248ED1CF691F300F134F6 /* PYExampleController */ = {
			isa = PBXGroup;
			children = (
				6B8248F21CF692A600F134F6 /* PYExampleTableViewController.h */,
				6B8248F31CF692A600F134F6 /* PYExampleTableViewController.m */,
				6B82493B1CF6CC3600F134F6 /* PYTempViewController.h */,
				6B82493C1CF6CC3600F134F6 /* PYTempViewController.m */,
			);
			name = PYExampleController;
			path = Controller;
			sourceTree = "<group>";
		};
		6B8248EE1CF691F300F134F6 /* Others */ = {
			isa = PBXGroup;
			children = (
				6B8248EF1CF691F300F134F6 /* AppDelegate.h */,
				6B8248F01CF691F300F134F6 /* AppDelegate.m */,
			);
			path = Others;
			sourceTree = "<group>";
		};
		6BA27FF31CFC127A007FE7E8 /* PYTableViewController */ = {
			isa = PBXGroup;
			children = (
				6BA27FF41CFC127A007FE7E8 /* Categoty */,
				6BA27FFE1CFC127A007FE7E8 /* Controller */,
				6BA280011CFC127A007FE7E8 /* Model */,
				6BA280101CFC127A007FE7E8 /* Other */,
				6BA280131CFC127A007FE7E8 /* View */,
			);
			name = PYTableViewController;
			path = ../../../PYTableViewController;
			sourceTree = "<group>";
		};
		6BA27FF41CFC127A007FE7E8 /* Categoty */ = {
			isa = PBXGroup;
			children = (
				6BA27FF71CFC127A007FE7E8 /* UITableView+Extension */,
				6BA27FFC1CFC127A007FE7E8 /* UIView+extension.h */,
				6BA27FFD1CFC127A007FE7E8 /* UIView+extension.m */,
			);
			path = Categoty;
			sourceTree = "<group>";
		};
		6BA27FF71CFC127A007FE7E8 /* UITableView+Extension */ = {
			isa = PBXGroup;
			children = (
				6BA27FF81CFC127A007FE7E8 /* UITableViewCell+Extension.h */,
				6BA27FF91CFC127A007FE7E8 /* UITableViewCell+Extension.m */,
				6BA27FFA1CFC127A007FE7E8 /* UITableViewController+Extension.h */,
				6BA27FFB1CFC127A007FE7E8 /* UITableViewController+Extension.m */,
			);
			path = "UITableView+Extension";
			sourceTree = "<group>";
		};
		6BA27FFE1CFC127A007FE7E8 /* Controller */ = {
			isa = PBXGroup;
			children = (
				6BA27FFF1CFC127A007FE7E8 /* PYTableViewController.h */,
				6BA280001CFC127A007FE7E8 /* PYTableViewController.m */,
			);
			path = Controller;
			sourceTree = "<group>";
		};
		6BA280011CFC127A007FE7E8 /* Model */ = {
			isa = PBXGroup;
			children = (
				6BA280021CFC127A007FE7E8 /* PYArrowCell.h */,
				6BA280031CFC127A007FE7E8 /* PYArrowCell.m */,
				6BA280041CFC127A007FE7E8 /* PYCell.h */,
				6BA280051CFC127A007FE7E8 /* PYCell.m */,
				6BA280061CFC127A007FE7E8 /* PYCheckCell.h */,
				6BA280071CFC127A007FE7E8 /* PYCheckCell.m */,
				6BA280081CFC127A007FE7E8 /* PYDetailCell.h */,
				6BA280091CFC127A007FE7E8 /* PYDetailCell.m */,
				6BA2800A1CFC127A007FE7E8 /* PYGroup.h */,
				6BA2800B1CFC127A007FE7E8 /* PYGroup.m */,
				6BA2800C1CFC127A007FE7E8 /* PYLabelCell.h */,
				6BA2800D1CFC127A007FE7E8 /* PYLabelCell.m */,
				6BA2800E1CFC127A007FE7E8 /* PYSwitchCell.h */,
				6BA2800F1CFC127A007FE7E8 /* PYSwitchCell.m */,
			);
			path = Model;
			sourceTree = "<group>";
		};
		6BA280101CFC127A007FE7E8 /* Other */ = {
			isa = PBXGroup;
			children = (
				6BA280111CFC127A007FE7E8 /* PYConst.h */,
				6BA280121CFC127A007FE7E8 /* PYConst.m */,
			);
			path = Other;
			sourceTree = "<group>";
		};
		6BA280131CFC127A007FE7E8 /* View */ = {
			isa = PBXGroup;
			children = (
				6BA280141CFC127A007FE7E8 /* PYTableViewCell.h */,
				6BA280151CFC127A007FE7E8 /* PYTableViewCell.m */,
			);
			path = View;
			sourceTree = "<group>";
		};
/* End PBXGroup section */

/* Begin PBXNativeTarget section */
		6B8248B51CF6916B00F134F6 /* PYTableViewControllerExample */ = {
			isa = PBXNativeTarget;
			buildConfigurationList = 6B8248E31CF6916B00F134F6 /* Build configuration list for PBXNativeTarget "PYTableViewControllerExample" */;
			buildPhases = (
				6B8248B21CF6916B00F134F6 /* Sources */,
				6B8248B31CF6916B00F134F6 /* Frameworks */,
				6B8248B41CF6916B00F134F6 /* Resources */,
			);
			buildRules = (
			);
			dependencies = (
			);
			name = PYTableViewControllerExample;
			productName = PYTableViewControllerExample;
			productReference = 6B8248B61CF6916B00F134F6 /* PYTableViewControllerExample.app */;
			productType = "com.apple.product-type.application";
		};
		6B8248CE1CF6916B00F134F6 /* PYTableViewControllerExampleTests */ = {
			isa = PBXNativeTarget;
			buildConfigurationList = 6B8248E61CF6916B00F134F6 /* Build configuration list for PBXNativeTarget "PYTableViewControllerExampleTests" */;
			buildPhases = (
				6B8248CB1CF6916B00F134F6 /* Sources */,
				6B8248CC1CF6916B00F134F6 /* Frameworks */,
				6B8248CD1CF6916B00F134F6 /* Resources */,
			);
			buildRules = (
			);
			dependencies = (
				6B8248D11CF6916B00F134F6 /* PBXTargetDependency */,
			);
			name = PYTableViewControllerExampleTests;
			productName = PYTableViewControllerExampleTests;
			productReference = 6B8248CF1CF6916B00F134F6 /* PYTableViewControllerExampleTests.xctest */;
			productType = "com.apple.product-type.bundle.unit-test";
		};
		6B8248D91CF6916B00F134F6 /* PYTableViewControllerExampleUITests */ = {
			isa = PBXNativeTarget;
			buildConfigurationList = 6B8248E91CF6916B00F134F6 /* Build configuration list for PBXNativeTarget "PYTableViewControllerExampleUITests" */;
			buildPhases = (
				6B8248D61CF6916B00F134F6 /* Sources */,
				6B8248D71CF6916B00F134F6 /* Frameworks */,
				6B8248D81CF6916B00F134F6 /* Resources */,
			);
			buildRules = (
			);
			dependencies = (
				6B8248DC1CF6916B00F134F6 /* PBXTargetDependency */,
			);
			name = PYTableViewControllerExampleUITests;
			productName = PYTableViewControllerExampleUITests;
			productReference = 6B8248DA1CF6916B00F134F6 /* PYTableViewControllerExampleUITests.xctest */;
			productType = "com.apple.product-type.bundle.ui-testing";
		};
/* End PBXNativeTarget section */

/* Begin PBXProject section */
		6B8248AE1CF6916B00F134F6 /* Project object */ = {
			isa = PBXProject;
			attributes = {
				LastUpgradeCheck = 0730;
				ORGANIZATIONNAME = iphone5solo;
				TargetAttributes = {
					6B8248B51CF6916B00F134F6 = {
						CreatedOnToolsVersion = 7.3.1;
					};
					6B8248CE1CF6916B00F134F6 = {
						CreatedOnToolsVersion = 7.3.1;
						TestTargetID = 6B8248B51CF6916B00F134F6;
					};
					6B8248D91CF6916B00F134F6 = {
						CreatedOnToolsVersion = 7.3.1;
						TestTargetID = 6B8248B51CF6916B00F134F6;
					};
				};
			};
			buildConfigurationList = 6B8248B11CF6916B00F134F6 /* Build configuration list for PBXProject "PYTableViewControllerExample" */;
			compatibilityVersion = "Xcode 3.2";
			developmentRegion = English;
			hasScannedForEncodings = 0;
			knownRegions = (
				en,
				Base,
			);
			mainGroup = 6B8248AD1CF6916B00F134F6;
			productRefGroup = 6B8248B71CF6916B00F134F6 /* Products */;
			projectDirPath = "";
			projectRoot = "";
			targets = (
				6B8248B51CF6916B00F134F6 /* PYTableViewControllerExample */,
				6B8248CE1CF6916B00F134F6 /* PYTableViewControllerExampleTests */,
				6B8248D91CF6916B00F134F6 /* PYTableViewControllerExampleUITests */,
			);
		};
/* End PBXProject section */

/* Begin PBXResourcesBuildPhase section */
		6B8248B41CF6916B00F134F6 /* Resources */ = {
			isa = PBXResourcesBuildPhase;
			buildActionMask = 2147483647;
			files = (
				6B8248C91CF6916B00F134F6 /* LaunchScreen.storyboard in Resources */,
				6B8248C61CF6916B00F134F6 /* Assets.xcassets in Resources */,
				6B8248C41CF6916B00F134F6 /* Main.storyboard in Resources */,
			);
			runOnlyForDeploymentPostprocessing = 0;
		};
		6B8248CD1CF6916B00F134F6 /* Resources */ = {
			isa = PBXResourcesBuildPhase;
			buildActionMask = 2147483647;
			files = (
			);
			runOnlyForDeploymentPostprocessing = 0;
		};
		6B8248D81CF6916B00F134F6 /* Resources */ = {
			isa = PBXResourcesBuildPhase;
			buildActionMask = 2147483647;
			files = (
			);
			runOnlyForDeploymentPostprocessing = 0;
		};
/* End PBXResourcesBuildPhase section */

/* Begin PBXSourcesBuildPhase section */
		6B8248B21CF6916B00F134F6 /* Sources */ = {
			isa = PBXSourcesBuildPhase;
			buildActionMask = 2147483647;
			files = (
				6BA280201CFC127A007FE7E8 /* PYLabelCell.m in Sources */,
				6BA280221CFC127A007FE7E8 /* PYConst.m in Sources */,
				6BA2801F1CFC127A007FE7E8 /* PYGroup.m in Sources */,
				6BA2801C1CFC127A007FE7E8 /* PYCell.m in Sources */,
				6BA2801E1CFC127A007FE7E8 /* PYDetailCell.m in Sources */,
				6BA280211CFC127A007FE7E8 /* PYSwitchCell.m in Sources */,
				6BA280181CFC127A007FE7E8 /* UITableViewController+Extension.m in Sources */,
				6BA280231CFC127A007FE7E8 /* PYTableViewCell.m in Sources */,
				6BA2801A1CFC127A007FE7E8 /* PYTableViewController.m in Sources */,
				6BA280171CFC127A007FE7E8 /* UITableViewCell+Extension.m in Sources */,
				6B8248F11CF691F300F134F6 /* AppDelegate.m in Sources */,
				6B8248BB1CF6916B00F134F6 /* main.m in Sources */,
				6BA2801B1CFC127A007FE7E8 /* PYArrowCell.m in Sources */,
				6B8248F41CF692A600F134F6 /* PYExampleTableViewController.m in Sources */,
				6BA280191CFC127A007FE7E8 /* UIView+extension.m in Sources */,
				6B82493E1CF6CC3600F134F6 /* PYTempViewController.m in Sources */,
				6BA2801D1CFC127A007FE7E8 /* PYCheckCell.m in Sources */,
			);
			runOnlyForDeploymentPostprocessing = 0;
		};
		6B8248CB1CF6916B00F134F6 /* Sources */ = {
			isa = PBXSourcesBuildPhase;
			buildActionMask = 2147483647;
			files = (
				6B8248D41CF6916B00F134F6 /* PYTableViewControllerExampleTests.m in Sources */,
			);
			runOnlyForDeploymentPostprocessing = 0;
		};
		6B8248D61CF6916B00F134F6 /* Sources */ = {
			isa = PBXSourcesBuildPhase;
			buildActionMask = 2147483647;
			files = (
				6B8248DF1CF6916B00F134F6 /* PYTableViewControllerExampleUITests.m in Sources */,
			);
			runOnlyForDeploymentPostprocessing = 0;
		};
/* End PBXSourcesBuildPhase section */

/* Begin PBXTargetDependency section */
		6B8248D11CF6916B00F134F6 /* PBXTargetDependency */ = {
			isa = PBXTargetDependency;
			target = 6B8248B51CF6916B00F134F6 /* PYTableViewControllerExample */;
			targetProxy = 6B8248D01CF6916B00F134F6 /* PBXContainerItemProxy */;
		};
		6B8248DC1CF6916B00F134F6 /* PBXTargetDependency */ = {
			isa = PBXTargetDependency;
			target = 6B8248B51CF6916B00F134F6 /* PYTableViewControllerExample */;
			targetProxy = 6B8248DB1CF6916B00F134F6 /* PBXContainerItemProxy */;
		};
/* End PBXTargetDependency section */

/* Begin PBXVariantGroup section */
		6B8248C21CF6916B00F134F6 /* Main.storyboard */ = {
			isa = PBXVariantGroup;
			children = (
				6B8248C31CF6916B00F134F6 /* Base */,
			);
			name = Main.storyboard;
			sourceTree = "<group>";
		};
		6B8248C71CF6916B00F134F6 /* LaunchScreen.storyboard */ = {
			isa = PBXVariantGroup;
			children = (
				6B8248C81CF6916B00F134F6 /* Base */,
			);
			name = LaunchScreen.storyboard;
			sourceTree = "<group>";
		};
/* End PBXVariantGroup section */

/* Begin XCBuildConfiguration section */
		6B8248E11CF6916B00F134F6 /* Debug */ = {
			isa = XCBuildConfiguration;
			buildSettings = {
				ALWAYS_SEARCH_USER_PATHS = NO;
				CLANG_ANALYZER_NONNULL = YES;
				CLANG_CXX_LANGUAGE_STANDARD = "gnu++0x";
				CLANG_CXX_LIBRARY = "libc++";
				CLANG_ENABLE_MODULES = YES;
				CLANG_ENABLE_OBJC_ARC = YES;
				CLANG_WARN_BOOL_CONVERSION = YES;
				CLANG_WARN_CONSTANT_CONVERSION = YES;
				CLANG_WARN_DIRECT_OBJC_ISA_USAGE = YES_ERROR;
				CLANG_WARN_EMPTY_BODY = YES;
				CLANG_WARN_ENUM_CONVERSION = YES;
				CLANG_WARN_INT_CONVERSION = YES;
				CLANG_WARN_OBJC_ROOT_CLASS = YES_ERROR;
				CLANG_WARN_UNREACHABLE_CODE = YES;
				CLANG_WARN__DUPLICATE_METHOD_MATCH = YES;
				"CODE_SIGN_IDENTITY[sdk=iphoneos*]" = "iPhone Developer";
				COPY_PHASE_STRIP = NO;
				DEBUG_INFORMATION_FORMAT = dwarf;
				ENABLE_STRICT_OBJC_MSGSEND = YES;
				ENABLE_TESTABILITY = YES;
				GCC_C_LANGUAGE_STANDARD = gnu99;
				GCC_DYNAMIC_NO_PIC = NO;
				GCC_NO_COMMON_BLOCKS = YES;
				GCC_OPTIMIZATION_LEVEL = 0;
				GCC_PREPROCESSOR_DEFINITIONS = (
					"DEBUG=1",
					"$(inherited)",
				);
				GCC_WARN_64_TO_32_BIT_CONVERSION = YES;
				GCC_WARN_ABOUT_RETURN_TYPE = YES_ERROR;
				GCC_WARN_UNDECLARED_SELECTOR = YES;
				GCC_WARN_UNINITIALIZED_AUTOS = YES_AGGRESSIVE;
				GCC_WARN_UNUSED_FUNCTION = YES;
				GCC_WARN_UNUSED_VARIABLE = YES;
				IPHONEOS_DEPLOYMENT_TARGET = 9.3;
				MTL_ENABLE_DEBUG_INFO = YES;
				ONLY_ACTIVE_ARCH = YES;
				SDKROOT = iphoneos;
			};
			name = Debug;
		};
		6B8248E21CF6916B00F134F6 /* Release */ = {
			isa = XCBuildConfiguration;
			buildSettings = {
				ALWAYS_SEARCH_USER_PATHS = NO;
				CLANG_ANALYZER_NONNULL = YES;
				CLANG_CXX_LANGUAGE_STANDARD = "gnu++0x";
				CLANG_CXX_LIBRARY = "libc++";
				CLANG_ENABLE_MODULES = YES;
				CLANG_ENABLE_OBJC_ARC = YES;
				CLANG_WARN_BOOL_CONVERSION = YES;
				CLANG_WARN_CONSTANT_CONVERSION = YES;
				CLANG_WARN_DIRECT_OBJC_ISA_USAGE = YES_ERROR;
				CLANG_WARN_EMPTY_BODY = YES;
				CLANG_WARN_ENUM_CONVERSION = YES;
				CLANG_WARN_INT_CONVERSION = YES;
				CLANG_WARN_OBJC_ROOT_CLASS = YES_ERROR;
				CLANG_WARN_UNREACHABLE_CODE = YES;
				CLANG_WARN__DUPLICATE_METHOD_MATCH = YES;
				"CODE_SIGN_IDENTITY[sdk=iphoneos*]" = "iPhone Developer";
				COPY_PHASE_STRIP = NO;
				DEBUG_INFORMATION_FORMAT = "dwarf-with-dsym";
				ENABLE_NS_ASSERTIONS = NO;
				ENABLE_STRICT_OBJC_MSGSEND = YES;
				GCC_C_LANGUAGE_STANDARD = gnu99;
				GCC_NO_COMMON_BLOCKS = YES;
				GCC_WARN_64_TO_32_BIT_CONVERSION = YES;
				GCC_WARN_ABOUT_RETURN_TYPE = YES_ERROR;
				GCC_WARN_UNDECLARED_SELECTOR = YES;
				GCC_WARN_UNINITIALIZED_AUTOS = YES_AGGRESSIVE;
				GCC_WARN_UNUSED_FUNCTION = YES;
				GCC_WARN_UNUSED_VARIABLE = YES;
				IPHONEOS_DEPLOYMENT_TARGET = 9.3;
				MTL_ENABLE_DEBUG_INFO = NO;
				SDKROOT = iphoneos;
				VALIDATE_PRODUCT = YES;
			};
			name = Release;
		};
		6B8248E41CF6916B00F134F6 /* Debug */ = {
			isa = XCBuildConfiguration;
			buildSettings = {
				ASSETCATALOG_COMPILER_APPICON_NAME = AppIcon;
				GCC_PRECOMPILE_PREFIX_HEADER = NO;
				GCC_PREFIX_HEADER = "";
				INFOPLIST_FILE = PYTableViewControllerExample/Info.plist;
				IPHONEOS_DEPLOYMENT_TARGET = 8.0;
				LD_RUNPATH_SEARCH_PATHS = "$(inherited) @executable_path/Frameworks";
				PRODUCT_BUNDLE_IDENTIFIER = com.NextStep.PYTableViewControllerExample;
				PRODUCT_NAME = "$(TARGET_NAME)";
			};
			name = Debug;
		};
		6B8248E51CF6916B00F134F6 /* Release */ = {
			isa = XCBuildConfiguration;
			buildSettings = {
				ASSETCATALOG_COMPILER_APPICON_NAME = AppIcon;
				GCC_PRECOMPILE_PREFIX_HEADER = NO;
				GCC_PREFIX_HEADER = "";
				INFOPLIST_FILE = PYTableViewControllerExample/Info.plist;
				IPHONEOS_DEPLOYMENT_TARGET = 8.0;
				LD_RUNPATH_SEARCH_PATHS = "$(inherited) @executable_path/Frameworks";
				PRODUCT_BUNDLE_IDENTIFIER = com.NextStep.PYTableViewControllerExample;
				PRODUCT_NAME = "$(TARGET_NAME)";
			};
			name = Release;
		};
		6B8248E71CF6916B00F134F6 /* Debug */ = {
			isa = XCBuildConfiguration;
			buildSettings = {
				BUNDLE_LOADER = "$(TEST_HOST)";
				INFOPLIST_FILE = PYTableViewControllerExampleTests/Info.plist;
				LD_RUNPATH_SEARCH_PATHS = "$(inherited) @executable_path/Frameworks @loader_path/Frameworks";
				PRODUCT_BUNDLE_IDENTIFIER = com.NextStep.PYTableViewControllerExampleTests;
				PRODUCT_NAME = "$(TARGET_NAME)";
				TEST_HOST = "$(BUILT_PRODUCTS_DIR)/PYTableViewControllerExample.app/PYTableViewControllerExample";
			};
			name = Debug;
		};
		6B8248E81CF6916B00F134F6 /* Release */ = {
			isa = XCBuildConfiguration;
			buildSettings = {
				BUNDLE_LOADER = "$(TEST_HOST)";
				INFOPLIST_FILE = PYTableViewControllerExampleTests/Info.plist;
				LD_RUNPATH_SEARCH_PATHS = "$(inherited) @executable_path/Frameworks @loader_path/Frameworks";
				PRODUCT_BUNDLE_IDENTIFIER = com.NextStep.PYTableViewControllerExampleTests;
				PRODUCT_NAME = "$(TARGET_NAME)";
				TEST_HOST = "$(BUILT_PRODUCTS_DIR)/PYTableViewControllerExample.app/PYTableViewControllerExample";
			};
			name = Release;
		};
		6B8248EA1CF6916B00F134F6 /* Debug */ = {
			isa = XCBuildConfiguration;
			buildSettings = {
				INFOPLIST_FILE = PYTableViewControllerExampleUITests/Info.plist;
				LD_RUNPATH_SEARCH_PATHS = "$(inherited) @executable_path/Frameworks @loader_path/Frameworks";
				PRODUCT_BUNDLE_IDENTIFIER = com.NextStep.PYTableViewControllerExampleUITests;
				PRODUCT_NAME = "$(TARGET_NAME)";
				TEST_TARGET_NAME = PYTableViewControllerExample;
			};
			name = Debug;
		};
		6B8248EB1CF6916B00F134F6 /* Release */ = {
			isa = XCBuildConfiguration;
			buildSettings = {
				INFOPLIST_FILE = PYTableViewControllerExampleUITests/Info.plist;
				LD_RUNPATH_SEARCH_PATHS = "$(inherited) @executable_path/Frameworks @loader_path/Frameworks";
				PRODUCT_BUNDLE_IDENTIFIER = com.NextStep.PYTableViewControllerExampleUITests;
				PRODUCT_NAME = "$(TARGET_NAME)";
				TEST_TARGET_NAME = PYTableViewControllerExample;
			};
			name = Release;
		};
/* End XCBuildConfiguration section */

/* Begin XCConfigurationList section */
		6B8248B11CF6916B00F134F6 /* Build configuration list for PBXProject "PYTableViewControllerExample" */ = {
			isa = XCConfigurationList;
			buildConfigurations = (
				6B8248E11CF6916B00F134F6 /* Debug */,
				6B8248E21CF6916B00F134F6 /* Release */,
			);
			defaultConfigurationIsVisible = 0;
			defaultConfigurationName = Release;
		};
		6B8248E31CF6916B00F134F6 /* Build configuration list for PBXNativeTarget "PYTableViewControllerExample" */ = {
			isa = XCConfigurationList;
			buildConfigurations = (
				6B8248E41CF6916B00F134F6 /* Debug */,
				6B8248E51CF6916B00F134F6 /* Release */,
			);
			defaultConfigurationIsVisible = 0;
			defaultConfigurationName = Release;
		};
		6B8248E61CF6916B00F134F6 /* Build configuration list for PBXNativeTarget "PYTableViewControllerExampleTests" */ = {
			isa = XCConfigurationList;
			buildConfigurations = (
				6B8248E71CF6916B00F134F6 /* Debug */,
				6B8248E81CF6916B00F134F6 /* Release */,
			);
			defaultConfigurationIsVisible = 0;
			defaultConfigurationName = Release;
		};
		6B8248E91CF6916B00F134F6 /* Build configuration list for PBXNativeTarget "PYTableViewControllerExampleUITests" */ = {
			isa = XCConfigurationList;
			buildConfigurations = (
				6B8248EA1CF6916B00F134F6 /* Debug */,
				6B8248EB1CF6916B00F134F6 /* Release */,
			);
			defaultConfigurationIsVisible = 0;
			defaultConfigurationName = Release;
		};
/* End XCConfigurationList section */
	};
	rootObject = 6B8248AE1CF6916B00F134F6 /* Project object */;
}
